
Microsoft Visual Studio Solution File, Format Version 12.00
# Visual Studio Version 17
VisualStudioVersion = 17.14.36408.4
MinimumVisualStudioVersion = 10.0.40219.1
Project("{FAE04EC0-301F-11D3-BF4B-00C04F79EFBC}") = "dontnet-blazor-wasm", "dontnet-blazor-wasm\dontnet-blazor-wasm.csproj", "{A97940DD-ABB4-425A-9D42-EE6A30D071CC}"
EndProject
Project("{FAE04EC0-301F-11D3-BF4B-00C04F79EFBC}") = "dontnet-blazor-wasm-part2", "dontnet-blazor-wasm-part2\dontnet-blazor-wasm-part2.csproj", "{0BA4660E-0A37-4F9F-9FE3-EB1AB2081BA3}"
EndProject
Global
	GlobalSection(SolutionConfigurationPlatforms) = preSolution
		Debug|Any CPU = Debug|Any CPU
		Release|Any CPU = Release|Any CPU
	EndGlobalSection
	GlobalSection(ProjectConfigurationPlatforms) = postSolution
		{A97940DD-ABB4-425A-9D42-EE6A30D071CC}.Debug|Any CPU.ActiveCfg = Debug|Any CPU
		{A97940DD-ABB4-425A-9D42-EE6A30D071CC}.Debug|Any CPU.Build.0 = Debug|Any CPU
		{A97940DD-ABB4-425A-9D42-EE6A30D071CC}.Release|Any CPU.ActiveCfg = Release|Any CPU
		{A97940DD-ABB4-425A-9D42-EE6A30D071CC}.Release|Any CPU.Build.0 = Release|Any CPU
		{0BA4660E-0A37-4F9F-9FE3-EB1AB2081BA3}.Debug|Any CPU.ActiveCfg = Debug|Any CPU
		{0BA4660E-0A37-4F9F-9FE3-EB1AB2081BA3}.Debug|Any CPU.Build.0 = Debug|Any CPU
		{0BA4660E-0A37-4F9F-9FE3-EB1AB2081BA3}.Release|Any CPU.ActiveCfg = Release|Any CPU
		{0BA4660E-0A37-4F9F-9FE3-EB1AB2081BA3}.Release|Any CPU.Build.0 = Release|Any CPU
	EndGlobalSection
	GlobalSection(SolutionProperties) = preSolution
		HideSolutionNode = FALSE
	EndGlobalSection
	GlobalSection(ExtensibilityGlobals) = postSolution
		SolutionGuid = {DA07A6BD-5E69-4D17-94D6-54132F05A1FC}
	EndGlobalSection
EndGlobal
